// !$*UTF8*$!
{
	archiveVersion = 1;
	classes = {
	};
	objectVersion = 46;
	objects = {

/* Begin PBXBuildFile section */
		7D4DD437ED639C2CF62222F7 /* Pods_Ratings.framework in Frameworks */ = {isa = PBXBuildFile; fileRef = A41D03186A52D646C153E89F /* Pods_Ratings.framework */; };
		A603113A1C697B0D00ECDC1E /* ChatsViewController.swift in Sources */ = {isa = PBXBuildFile; fileRef = A60311391C697B0D00ECDC1E /* ChatsViewController.swift */; };
		A603113E1C697D6F00ECDC1E /* User.swift in Sources */ = {isa = PBXBuildFile; fileRef = A603113D1C697D6F00ECDC1E /* User.swift */; };
		A60311481C6C1B4100ECDC1E /* PersonViewController.swift in Sources */ = {isa = PBXBuildFile; fileRef = A60311471C6C1B4100ECDC1E /* PersonViewController.swift */; };
		A62B97121C590B8800081ED9 /* AppDelegate.swift in Sources */ = {isa = PBXBuildFile; fileRef = A62B97111C590B8800081ED9 /* AppDelegate.swift */; };
		A62B97171C590B8800081ED9 /* Main.storyboard in Resources */ = {isa = PBXBuildFile; fileRef = A62B97151C590B8800081ED9 /* Main.storyboard */; };
		A62B97191C590B8800081ED9 /* Images.xcassets in Resources */ = {isa = PBXBuildFile; fileRef = A62B97181C590B8800081ED9 /* Images.xcassets */; };
		A62B971C1C590B8800081ED9 /* LaunchScreen.xib in Resources */ = {isa = PBXBuildFile; fileRef = A62B971A1C590B8800081ED9 /* LaunchScreen.xib */; };
		A62B97281C590B8800081ED9 /* RatingsTests.swift in Sources */ = {isa = PBXBuildFile; fileRef = A62B97271C590B8800081ED9 /* RatingsTests.swift */; };
		A62B97321C591CFB00081ED9 /* MeetsViewController.swift in Sources */ = {isa = PBXBuildFile; fileRef = A62B97311C591CFB00081ED9 /* MeetsViewController.swift */; };
		A63C267F1C7CB6CF00C87C72 /* YourMeetsViewController.swift in Sources */ = {isa = PBXBuildFile; fileRef = A63C267E1C7CB6CF00C87C72 /* YourMeetsViewController.swift */; };
		A64850131C7CE55F001C668E /* MeetSettingsController.swift in Sources */ = {isa = PBXBuildFile; fileRef = A64850121C7CE55F001C668E /* MeetSettingsController.swift */; };
		A64850151C90F24F001C668E /* G.swift in Sources */ = {isa = PBXBuildFile; fileRef = A64850141C90F24F001C668E /* G.swift */; };
		A691109F1C62E5DB004F3D97 /* MeetNavigationController.swift in Sources */ = {isa = PBXBuildFile; fileRef = A691109E1C62E5DB004F3D97 /* MeetNavigationController.swift */; };
		A69110A11C64F382004F3D97 /* MeetThreadViewController.swift in Sources */ = {isa = PBXBuildFile; fileRef = A69110A01C64F382004F3D97 /* MeetThreadViewController.swift */; };
		A6A432E81C9499BD0054CD9C /* CreateMeetController.swift in Sources */ = {isa = PBXBuildFile; fileRef = A6A432E71C9499BD0054CD9C /* CreateMeetController.swift */; };
		A6A432EA1C94A6590054CD9C /* CustomCells.swift in Sources */ = {isa = PBXBuildFile; fileRef = A6A432E91C94A6590054CD9C /* CustomCells.swift */; };
		A6CC68101C6010AE004DE1C2 /* CreateMeetTableViewController.swift in Sources */ = {isa = PBXBuildFile; fileRef = A6CC680F1C6010AE004DE1C2 /* CreateMeetTableViewController.swift */; };
		A6CC68141C605277004DE1C2 /* LocationSelectionViewController.swift in Sources */ = {isa = PBXBuildFile; fileRef = A6CC68131C605277004DE1C2 /* LocationSelectionViewController.swift */; };
		A6CE7F901CB058A3002D4FF7 /* MeetChatPageViewController.swift in Sources */ = {isa = PBXBuildFile; fileRef = A6CE7F8F1CB058A3002D4FF7 /* MeetChatPageViewController.swift */; };
		A6D465B71CB09F3000054D36 /* MainController.swift in Sources */ = {isa = PBXBuildFile; fileRef = A6D465B61CB09F3000054D36 /* MainController.swift */; };
		A6D465B91CB0D85500054D36 /* MeetChatNavController.swift in Sources */ = {isa = PBXBuildFile; fileRef = A6D465B81CB0D85500054D36 /* MeetChatNavController.swift */; };
		A6D465BB1CBD5B8700054D36 /* PoopController.swift in Sources */ = {isa = PBXBuildFile; fileRef = A6D465BA1CBD5B8700054D36 /* PoopController.swift */; };
		A6D465BD1CBD5F5800054D36 /* MeetViewInformation.xib in Resources */ = {isa = PBXBuildFile; fileRef = A6D465BC1CBD5F5800054D36 /* MeetViewInformation.xib */; };
		A6D465BF1CBD637F00054D36 /* MeetViewInfoCell.swift in Sources */ = {isa = PBXBuildFile; fileRef = A6D465BE1CBD637F00054D36 /* MeetViewInfoCell.swift */; };
		A6D465C11CBDBE7B00054D36 /* AttendeePrototype.xib in Resources */ = {isa = PBXBuildFile; fileRef = A6D465C01CBDBE7B00054D36 /* AttendeePrototype.xib */; };
		A6D465C51CBDBED500054D36 /* AttendeeCell.swift in Sources */ = {isa = PBXBuildFile; fileRef = A6D465C41CBDBED500054D36 /* AttendeeCell.swift */; };
		A6D465C71CBEE15A00054D36 /* PissController.swift in Sources */ = {isa = PBXBuildFile; fileRef = A6D465C61CBEE15A00054D36 /* PissController.swift */; };
/* End PBXBuildFile section */

/* Begin PBXContainerItemProxy section */
		A62B97221C590B8800081ED9 /* PBXContainerItemProxy */ = {
			isa = PBXContainerItemProxy;
			containerPortal = A62B97041C590B8800081ED9 /* Project object */;
			proxyType = 1;
			remoteGlobalIDString = A62B970B1C590B8800081ED9;
			remoteInfo = Ratings;
		};
/* End PBXContainerItemProxy section */

/* Begin PBXFileReference section */
		4F8D12DDC6B914D4272EBD20 /* Pods-Ratings.release.xcconfig */ = {isa = PBXFileReference; includeInIndex = 1; lastKnownFileType = text.xcconfig; name = "Pods-Ratings.release.xcconfig"; path = "Pods/Target Support Files/Pods-Ratings/Pods-Ratings.release.xcconfig"; sourceTree = "<group>"; };
		A41D03186A52D646C153E89F /* Pods_Ratings.framework */ = {isa = PBXFileReference; explicitFileType = wrapper.framework; includeInIndex = 0; path = Pods_Ratings.framework; sourceTree = BUILT_PRODUCTS_DIR; };
		A60311391C697B0D00ECDC1E /* ChatsViewController.swift */ = {isa = PBXFileReference; fileEncoding = 4; lastKnownFileType = sourcecode.swift; path = ChatsViewController.swift; sourceTree = "<group>"; };
		A603113D1C697D6F00ECDC1E /* User.swift */ = {isa = PBXFileReference; fileEncoding = 4; lastKnownFileType = sourcecode.swift; path = User.swift; sourceTree = "<group>"; };
		A60311471C6C1B4100ECDC1E /* PersonViewController.swift */ = {isa = PBXFileReference; fileEncoding = 4; lastKnownFileType = sourcecode.swift; path = PersonViewController.swift; sourceTree = "<group>"; };
		A62B970C1C590B8800081ED9 /* Ratings.app */ = {isa = PBXFileReference; explicitFileType = wrapper.application; includeInIndex = 0; path = Ratings.app; sourceTree = BUILT_PRODUCTS_DIR; };
		A62B97101C590B8800081ED9 /* Info.plist */ = {isa = PBXFileReference; lastKnownFileType = text.plist.xml; path = Info.plist; sourceTree = "<group>"; };
		A62B97111C590B8800081ED9 /* AppDelegate.swift */ = {isa = PBXFileReference; lastKnownFileType = sourcecode.swift; path = AppDelegate.swift; sourceTree = "<group>"; };
		A62B97161C590B8800081ED9 /* Base */ = {isa = PBXFileReference; lastKnownFileType = file.storyboard; name = Base; path = Base.lproj/Main.storyboard; sourceTree = "<group>"; };
		A62B97181C590B8800081ED9 /* Images.xcassets */ = {isa = PBXFileReference; lastKnownFileType = folder.assetcatalog; path = Images.xcassets; sourceTree = "<group>"; };
		A62B971B1C590B8800081ED9 /* Base */ = {isa = PBXFileReference; lastKnownFileType = file.xib; name = Base; path = Base.lproj/LaunchScreen.xib; sourceTree = "<group>"; };
		A62B97211C590B8800081ED9 /* RatingsTests.xctest */ = {isa = PBXFileReference; explicitFileType = wrapper.cfbundle; includeInIndex = 0; path = RatingsTests.xctest; sourceTree = BUILT_PRODUCTS_DIR; };
		A62B97261C590B8800081ED9 /* Info.plist */ = {isa = PBXFileReference; lastKnownFileType = text.plist.xml; path = Info.plist; sourceTree = "<group>"; };
		A62B97271C590B8800081ED9 /* RatingsTests.swift */ = {isa = PBXFileReference; lastKnownFileType = sourcecode.swift; path = RatingsTests.swift; sourceTree = "<group>"; };
		A62B97311C591CFB00081ED9 /* MeetsViewController.swift */ = {isa = PBXFileReference; fileEncoding = 4; lastKnownFileType = sourcecode.swift; path = MeetsViewController.swift; sourceTree = "<group>"; };
		A63C267E1C7CB6CF00C87C72 /* YourMeetsViewController.swift */ = {isa = PBXFileReference; fileEncoding = 4; lastKnownFileType = sourcecode.swift; path = YourMeetsViewController.swift; sourceTree = "<group>"; };
		A64850121C7CE55F001C668E /* MeetSettingsController.swift */ = {isa = PBXFileReference; fileEncoding = 4; lastKnownFileType = sourcecode.swift; path = MeetSettingsController.swift; sourceTree = "<group>"; };
		A64850141C90F24F001C668E /* G.swift */ = {isa = PBXFileReference; fileEncoding = 4; lastKnownFileType = sourcecode.swift; path = G.swift; sourceTree = "<group>"; };
		A691109E1C62E5DB004F3D97 /* MeetNavigationController.swift */ = {isa = PBXFileReference; fileEncoding = 4; lastKnownFileType = sourcecode.swift; path = MeetNavigationController.swift; sourceTree = "<group>"; };
		A69110A01C64F382004F3D97 /* MeetThreadViewController.swift */ = {isa = PBXFileReference; fileEncoding = 4; lastKnownFileType = sourcecode.swift; path = MeetThreadViewController.swift; sourceTree = "<group>"; };
		A6A432E71C9499BD0054CD9C /* CreateMeetController.swift */ = {isa = PBXFileReference; fileEncoding = 4; lastKnownFileType = sourcecode.swift; path = CreateMeetController.swift; sourceTree = "<group>"; };
		A6A432E91C94A6590054CD9C /* CustomCells.swift */ = {isa = PBXFileReference; fileEncoding = 4; lastKnownFileType = sourcecode.swift; path = CustomCells.swift; sourceTree = "<group>"; };
		A6CC680F1C6010AE004DE1C2 /* CreateMeetTableViewController.swift */ = {isa = PBXFileReference; fileEncoding = 4; lastKnownFileType = sourcecode.swift; path = CreateMeetTableViewController.swift; sourceTree = "<group>"; };
		A6CC68131C605277004DE1C2 /* LocationSelectionViewController.swift */ = {isa = PBXFileReference; fileEncoding = 4; lastKnownFileType = sourcecode.swift; path = LocationSelectionViewController.swift; sourceTree = "<group>"; };
		A6CE7F8F1CB058A3002D4FF7 /* MeetChatPageViewController.swift */ = {isa = PBXFileReference; fileEncoding = 4; lastKnownFileType = sourcecode.swift; path = MeetChatPageViewController.swift; sourceTree = "<group>"; };
		A6D465B61CB09F3000054D36 /* MainController.swift */ = {isa = PBXFileReference; fileEncoding = 4; lastKnownFileType = sourcecode.swift; path = MainController.swift; sourceTree = "<group>"; };
		A6D465B81CB0D85500054D36 /* MeetChatNavController.swift */ = {isa = PBXFileReference; fileEncoding = 4; lastKnownFileType = sourcecode.swift; path = MeetChatNavController.swift; sourceTree = "<group>"; };
		A6D465BA1CBD5B8700054D36 /* PoopController.swift */ = {isa = PBXFileReference; fileEncoding = 4; lastKnownFileType = sourcecode.swift; path = PoopController.swift; sourceTree = "<group>"; };
		A6D465BC1CBD5F5800054D36 /* MeetViewInformation.xib */ = {isa = PBXFileReference; fileEncoding = 4; lastKnownFileType = file.xib; path = MeetViewInformation.xib; sourceTree = "<group>"; };
		A6D465BE1CBD637F00054D36 /* MeetViewInfoCell.swift */ = {isa = PBXFileReference; fileEncoding = 4; lastKnownFileType = sourcecode.swift; path = MeetViewInfoCell.swift; sourceTree = "<group>"; };
		A6D465C01CBDBE7B00054D36 /* AttendeePrototype.xib */ = {isa = PBXFileReference; fileEncoding = 4; lastKnownFileType = file.xib; path = AttendeePrototype.xib; sourceTree = "<group>"; };
		A6D465C41CBDBED500054D36 /* AttendeeCell.swift */ = {isa = PBXFileReference; fileEncoding = 4; lastKnownFileType = sourcecode.swift; path = AttendeeCell.swift; sourceTree = "<group>"; };
		A6D465C61CBEE15A00054D36 /* PissController.swift */ = {isa = PBXFileReference; fileEncoding = 4; lastKnownFileType = sourcecode.swift; path = PissController.swift; sourceTree = "<group>"; };
		AFD93F1AEEE0252D5415360A /* Pods-Ratings.debug.xcconfig */ = {isa = PBXFileReference; includeInIndex = 1; lastKnownFileType = text.xcconfig; name = "Pods-Ratings.debug.xcconfig"; path = "Pods/Target Support Files/Pods-Ratings/Pods-Ratings.debug.xcconfig"; sourceTree = "<group>"; };
/* End PBXFileReference section */

/* Begin PBXFrameworksBuildPhase section */
		A62B97091C590B8800081ED9 /* Frameworks */ = {
			isa = PBXFrameworksBuildPhase;
			buildActionMask = 2147483647;
			files = (
				7D4DD437ED639C2CF62222F7 /* Pods_Ratings.framework in Frameworks */,
			);
			runOnlyForDeploymentPostprocessing = 0;
		};
		A62B971E1C590B8800081ED9 /* Frameworks */ = {
			isa = PBXFrameworksBuildPhase;
			buildActionMask = 2147483647;
			files = (
			);
			runOnlyForDeploymentPostprocessing = 0;
		};
/* End PBXFrameworksBuildPhase section */

/* Begin PBXGroup section */
		331C0121D2235016A57DE843 /* Frameworks */ = {
			isa = PBXGroup;
			children = (
				A41D03186A52D646C153E89F /* Pods_Ratings.framework */,
			);
			name = Frameworks;
			sourceTree = "<group>";
		};
		693BC6BE7992080A391C16FD /* Pods */ = {
			isa = PBXGroup;
			children = (
				AFD93F1AEEE0252D5415360A /* Pods-Ratings.debug.xcconfig */,
				4F8D12DDC6B914D4272EBD20 /* Pods-Ratings.release.xcconfig */,
			);
			name = Pods;
			sourceTree = "<group>";
		};
		A62B97031C590B8800081ED9 = {
			isa = PBXGroup;
			children = (
				A6CC680F1C6010AE004DE1C2 /* CreateMeetTableViewController.swift */,
				A62B970E1C590B8800081ED9 /* Ratings */,
				A62B97241C590B8800081ED9 /* RatingsTests */,
				A62B970D1C590B8800081ED9 /* Products */,
				693BC6BE7992080A391C16FD /* Pods */,
				331C0121D2235016A57DE843 /* Frameworks */,
			);
			sourceTree = "<group>";
		};
		A62B970D1C590B8800081ED9 /* Products */ = {
			isa = PBXGroup;
			children = (
				A62B970C1C590B8800081ED9 /* Ratings.app */,
				A62B97211C590B8800081ED9 /* RatingsTests.xctest */,
			);
			name = Products;
			sourceTree = "<group>";
		};
		A62B970E1C590B8800081ED9 /* Ratings */ = {
			isa = PBXGroup;
			children = (
				A62B97111C590B8800081ED9 /* AppDelegate.swift */,
				A62B97151C590B8800081ED9 /* Main.storyboard */,
				A62B97181C590B8800081ED9 /* Images.xcassets */,
				A62B971A1C590B8800081ED9 /* LaunchScreen.xib */,
				A62B970F1C590B8800081ED9 /* Supporting Files */,
				A62B97311C591CFB00081ED9 /* MeetsViewController.swift */,
				A6CC68131C605277004DE1C2 /* LocationSelectionViewController.swift */,
				A691109E1C62E5DB004F3D97 /* MeetNavigationController.swift */,
				A69110A01C64F382004F3D97 /* MeetThreadViewController.swift */,
				A60311391C697B0D00ECDC1E /* ChatsViewController.swift */,
				A603113D1C697D6F00ECDC1E /* User.swift */,
				A60311471C6C1B4100ECDC1E /* PersonViewController.swift */,
				A63C267E1C7CB6CF00C87C72 /* YourMeetsViewController.swift */,
				A64850121C7CE55F001C668E /* MeetSettingsController.swift */,
				A64850141C90F24F001C668E /* G.swift */,
				A6A432E71C9499BD0054CD9C /* CreateMeetController.swift */,
				A6A432E91C94A6590054CD9C /* CustomCells.swift */,
				A6CE7F8F1CB058A3002D4FF7 /* MeetChatPageViewController.swift */,
				A6D465B61CB09F3000054D36 /* MainController.swift */,
				A6D465B81CB0D85500054D36 /* MeetChatNavController.swift */,
				A6D465BA1CBD5B8700054D36 /* PoopController.swift */,
				A6D465BC1CBD5F5800054D36 /* MeetViewInformation.xib */,
				A6D465BE1CBD637F00054D36 /* MeetViewInfoCell.swift */,
				A6D465C01CBDBE7B00054D36 /* AttendeePrototype.xib */,
				A6D465C41CBDBED500054D36 /* AttendeeCell.swift */,
				A6D465C61CBEE15A00054D36 /* PissController.swift */,
			);
			path = Ratings;
			sourceTree = "<group>";
		};
		A62B970F1C590B8800081ED9 /* Supporting Files */ = {
			isa = PBXGroup;
			children = (
				A62B97101C590B8800081ED9 /* Info.plist */,
			);
			name = "Supporting Files";
			sourceTree = "<group>";
		};
		A62B97241C590B8800081ED9 /* RatingsTests */ = {
			isa = PBXGroup;
			children = (
				A62B97271C590B8800081ED9 /* RatingsTests.swift */,
				A62B97251C590B8800081ED9 /* Supporting Files */,
			);
			path = RatingsTests;
			sourceTree = "<group>";
		};
		A62B97251C590B8800081ED9 /* Supporting Files */ = {
			isa = PBXGroup;
			children = (
				A62B97261C590B8800081ED9 /* Info.plist */,
			);
			name = "Supporting Files";
			sourceTree = "<group>";
		};
/* End PBXGroup section */

/* Begin PBXNativeTarget section */
		A62B970B1C590B8800081ED9 /* Ratings */ = {
			isa = PBXNativeTarget;
			buildConfigurationList = A62B972B1C590B8800081ED9 /* Build configuration list for PBXNativeTarget "Ratings" */;
			buildPhases = (
				F527E650873CEF7EDAB425A2 /* Check Pods Manifest.lock */,
				A62B97081C590B8800081ED9 /* Sources */,
				A62B97091C590B8800081ED9 /* Frameworks */,
				A62B970A1C590B8800081ED9 /* Resources */,
				FB965D72F1FC33608DDEF50E /* Embed Pods Frameworks */,
				B8CD7EC98C029E85D970EE46 /* Copy Pods Resources */,
			);
			buildRules = (
			);
			dependencies = (
			);
			name = Ratings;
			productName = Ratings;
			productReference = A62B970C1C590B8800081ED9 /* Ratings.app */;
			productType = "com.apple.product-type.application";
		};
		A62B97201C590B8800081ED9 /* RatingsTests */ = {
			isa = PBXNativeTarget;
			buildConfigurationList = A62B972E1C590B8800081ED9 /* Build configuration list for PBXNativeTarget "RatingsTests" */;
			buildPhases = (
				A62B971D1C590B8800081ED9 /* Sources */,
				A62B971E1C590B8800081ED9 /* Frameworks */,
				A62B971F1C590B8800081ED9 /* Resources */,
			);
			buildRules = (
			);
			dependencies = (
				A62B97231C590B8800081ED9 /* PBXTargetDependency */,
			);
			name = RatingsTests;
			productName = RatingsTests;
			productReference = A62B97211C590B8800081ED9 /* RatingsTests.xctest */;
			productType = "com.apple.product-type.bundle.unit-test";
		};
/* End PBXNativeTarget section */

/* Begin PBXProject section */
		A62B97041C590B8800081ED9 /* Project object */ = {
			isa = PBXProject;
			attributes = {
				LastSwiftMigration = 0720;
				LastSwiftUpdateCheck = 0720;
				LastUpgradeCheck = 0640;
				ORGANIZATIONNAME = Poop;
				TargetAttributes = {
					A62B970B1C590B8800081ED9 = {
						CreatedOnToolsVersion = 6.4;
						DevelopmentTeam = NSK9BHVR5G;
					};
					A62B97201C590B8800081ED9 = {
						CreatedOnToolsVersion = 6.4;
						TestTargetID = A62B970B1C590B8800081ED9;
					};
				};
			};
			buildConfigurationList = A62B97071C590B8800081ED9 /* Build configuration list for PBXProject "Ratings" */;
			compatibilityVersion = "Xcode 3.2";
			developmentRegion = English;
			hasScannedForEncodings = 0;
			knownRegions = (
				en,
				Base,
			);
			mainGroup = A62B97031C590B8800081ED9;
			productRefGroup = A62B970D1C590B8800081ED9 /* Products */;
			projectDirPath = "";
			projectRoot = "";
			targets = (
				A62B970B1C590B8800081ED9 /* Ratings */,
				A62B97201C590B8800081ED9 /* RatingsTests */,
			);
		};
/* End PBXProject section */

/* Begin PBXResourcesBuildPhase section */
		A62B970A1C590B8800081ED9 /* Resources */ = {
			isa = PBXResourcesBuildPhase;
			buildActionMask = 2147483647;
			files = (
				A6D465BD1CBD5F5800054D36 /* MeetViewInformation.xib in Resources */,
				A6D465C11CBDBE7B00054D36 /* AttendeePrototype.xib in Resources */,
				A62B97171C590B8800081ED9 /* Main.storyboard in Resources */,
				A62B971C1C590B8800081ED9 /* LaunchScreen.xib in Resources */,
				A62B97191C590B8800081ED9 /* Images.xcassets in Resources */,
			);
			runOnlyForDeploymentPostprocessing = 0;
		};
		A62B971F1C590B8800081ED9 /* Resources */ = {
			isa = PBXResourcesBuildPhase;
			buildActionMask = 2147483647;
			files = (
			);
			runOnlyForDeploymentPostprocessing = 0;
		};
/* End PBXResourcesBuildPhase section */

/* Begin PBXShellScriptBuildPhase section */
		B8CD7EC98C029E85D970EE46 /* Copy Pods Resources */ = {
			isa = PBXShellScriptBuildPhase;
			buildActionMask = 2147483647;
			files = (
			);
			inputPaths = (
			);
			name = "Copy Pods Resources";
			outputPaths = (
			);
			runOnlyForDeploymentPostprocessing = 0;
			shellPath = /bin/sh;
			shellScript = "\"${SRCROOT}/Pods/Target Support Files/Pods-Ratings/Pods-Ratings-resources.sh\"\n";
			showEnvVarsInLog = 0;
		};
		F527E650873CEF7EDAB425A2 /* Check Pods Manifest.lock */ = {
			isa = PBXShellScriptBuildPhase;
			buildActionMask = 2147483647;
			files = (
			);
			inputPaths = (
			);
			name = "Check Pods Manifest.lock";
			outputPaths = (
			);
			runOnlyForDeploymentPostprocessing = 0;
			shellPath = /bin/sh;
			shellScript = "diff \"${PODS_ROOT}/../Podfile.lock\" \"${PODS_ROOT}/Manifest.lock\" > /dev/null\nif [[ $? != 0 ]] ; then\n    cat << EOM\nerror: The sandbox is not in sync with the Podfile.lock. Run 'pod install' or update your CocoaPods installation.\nEOM\n    exit 1\nfi\n";
			showEnvVarsInLog = 0;
		};
		FB965D72F1FC33608DDEF50E /* Embed Pods Frameworks */ = {
			isa = PBXShellScriptBuildPhase;
			buildActionMask = 2147483647;
			files = (
			);
			inputPaths = (
			);
			name = "Embed Pods Frameworks";
			outputPaths = (
			);
			runOnlyForDeploymentPostprocessing = 0;
			shellPath = /bin/sh;
			shellScript = "\"${SRCROOT}/Pods/Target Support Files/Pods-Ratings/Pods-Ratings-frameworks.sh\"\n";
			showEnvVarsInLog = 0;
		};
/* End PBXShellScriptBuildPhase section */

/* Begin PBXSourcesBuildPhase section */
		A62B97081C590B8800081ED9 /* Sources */ = {
			isa = PBXSourcesBuildPhase;
			buildActionMask = 2147483647;
			files = (
				A64850131C7CE55F001C668E /* MeetSettingsController.swift in Sources */,
				A6A432EA1C94A6590054CD9C /* CustomCells.swift in Sources */,
				A6D465C71CBEE15A00054D36 /* PissController.swift in Sources */,
				A62B97121C590B8800081ED9 /* AppDelegate.swift in Sources */,
				A69110A11C64F382004F3D97 /* MeetThreadViewController.swift in Sources */,
				A63C267F1C7CB6CF00C87C72 /* YourMeetsViewController.swift in Sources */,
				A6CC68101C6010AE004DE1C2 /* CreateMeetTableViewController.swift in Sources */,
				A6D465BB1CBD5B8700054D36 /* PoopController.swift in Sources */,
				A6D465B91CB0D85500054D36 /* MeetChatNavController.swift in Sources */,
				A6D465C51CBDBED500054D36 /* AttendeeCell.swift in Sources */,
				A6CE7F901CB058A3002D4FF7 /* MeetChatPageViewController.swift in Sources */,
				A62B97321C591CFB00081ED9 /* MeetsViewController.swift in Sources */,
				A6CC68141C605277004DE1C2 /* LocationSelectionViewController.swift in Sources */,
				A603113A1C697B0D00ECDC1E /* ChatsViewController.swift in Sources */,
				A691109F1C62E5DB004F3D97 /* MeetNavigationController.swift in Sources */,
				A64850151C90F24F001C668E /* G.swift in Sources */,
				A6D465B71CB09F3000054D36 /* MainController.swift in Sources */,
				A6D465BF1CBD637F00054D36 /* MeetViewInfoCell.swift in Sources */,
				A6A432E81C9499BD0054CD9C /* CreateMeetController.swift in Sources */,
				A603113E1C697D6F00ECDC1E /* User.swift in Sources */,
				A60311481C6C1B4100ECDC1E /* PersonViewController.swift in Sources */,
			);
			runOnlyForDeploymentPostprocessing = 0;
		};
		A62B971D1C590B8800081ED9 /* Sources */ = {
			isa = PBXSourcesBuildPhase;
			buildActionMask = 2147483647;
			files = (
				A62B97281C590B8800081ED9 /* RatingsTests.swift in Sources */,
			);
			runOnlyForDeploymentPostprocessing = 0;
		};
/* End PBXSourcesBuildPhase section */

/* Begin PBXTargetDependency section */
		A62B97231C590B8800081ED9 /* PBXTargetDependency */ = {
			isa = PBXTargetDependency;
			target = A62B970B1C590B8800081ED9 /* Ratings */;
			targetProxy = A62B97221C590B8800081ED9 /* PBXContainerItemProxy */;
		};
/* End PBXTargetDependency section */

/* Begin PBXVariantGroup section */
		A62B97151C590B8800081ED9 /* Main.storyboard */ = {
			isa = PBXVariantGroup;
			children = (
				A62B97161C590B8800081ED9 /* Base */,
			);
			name = Main.storyboard;
			sourceTree = "<group>";
		};
		A62B971A1C590B8800081ED9 /* LaunchScreen.xib */ = {
			isa = PBXVariantGroup;
			children = (
				A62B971B1C590B8800081ED9 /* Base */,
			);
			name = LaunchScreen.xib;
			sourceTree = "<group>";
		};
/* End PBXVariantGroup section */

/* Begin XCBuildConfiguration section */
		A62B97291C590B8800081ED9 /* Debug */ = {
			isa = XCBuildConfiguration;
			buildSettings = {
				ALWAYS_SEARCH_USER_PATHS = NO;
				CLANG_CXX_LANGUAGE_STANDARD = "gnu++0x";
				CLANG_CXX_LIBRARY = "libc++";
				CLANG_ENABLE_MODULES = YES;
				CLANG_ENABLE_OBJC_ARC = YES;
				CLANG_WARN_BOOL_CONVERSION = YES;
				CLANG_WARN_CONSTANT_CONVERSION = YES;
				CLANG_WARN_DIRECT_OBJC_ISA_USAGE = YES_ERROR;
				CLANG_WARN_EMPTY_BODY = YES;
				CLANG_WARN_ENUM_CONVERSION = YES;
				CLANG_WARN_INT_CONVERSION = YES;
				CLANG_WARN_OBJC_ROOT_CLASS = YES_ERROR;
				CLANG_WARN_UNREACHABLE_CODE = YES;
				CLANG_WARN__DUPLICATE_METHOD_MATCH = YES;
				"CODE_SIGN_IDENTITY[sdk=iphoneos*]" = "iPhone Developer";
				COPY_PHASE_STRIP = NO;
				DEBUG_INFORMATION_FORMAT = "dwarf-with-dsym";
				ENABLE_STRICT_OBJC_MSGSEND = YES;
				GCC_C_LANGUAGE_STANDARD = gnu99;
				GCC_DYNAMIC_NO_PIC = NO;
				GCC_NO_COMMON_BLOCKS = YES;
				GCC_OPTIMIZATION_LEVEL = 0;
				GCC_PREPROCESSOR_DEFINITIONS = (
					"DEBUG=1",
					"$(inherited)",
				);
				GCC_SYMBOLS_PRIVATE_EXTERN = NO;
				GCC_WARN_64_TO_32_BIT_CONVERSION = YES;
				GCC_WARN_ABOUT_RETURN_TYPE = YES_ERROR;
				GCC_WARN_UNDECLARED_SELECTOR = YES;
				GCC_WARN_UNINITIALIZED_AUTOS = YES_AGGRESSIVE;
				GCC_WARN_UNUSED_FUNCTION = YES;
				GCC_WARN_UNUSED_VARIABLE = YES;
				IPHONEOS_DEPLOYMENT_TARGET = 9.2;
				MTL_ENABLE_DEBUG_INFO = YES;
				ONLY_ACTIVE_ARCH = YES;
				SDKROOT = iphoneos;
				SWIFT_OPTIMIZATION_LEVEL = "-Onone";
			};
			name = Debug;
		};
		A62B972A1C590B8800081ED9 /* Release */ = {
			isa = XCBuildConfiguration;
			buildSettings = {
				ALWAYS_SEARCH_USER_PATHS = NO;
				CLANG_CXX_LANGUAGE_STANDARD = "gnu++0x";
				CLANG_CXX_LIBRARY = "libc++";
				CLANG_ENABLE_MODULES = YES;
				CLANG_ENABLE_OBJC_ARC = YES;
				CLANG_WARN_BOOL_CONVERSION = YES;
				CLANG_WARN_CONSTANT_CONVERSION = YES;
				CLANG_WARN_DIRECT_OBJC_ISA_USAGE = YES_ERROR;
				CLANG_WARN_EMPTY_BODY = YES;
				CLANG_WARN_ENUM_CONVERSION = YES;
				CLANG_WARN_INT_CONVERSION = YES;
				CLANG_WARN_OBJC_ROOT_CLASS = YES_ERROR;
				CLANG_WARN_UNREACHABLE_CODE = YES;
				CLANG_WARN__DUPLICATE_METHOD_MATCH = YES;
				"CODE_SIGN_IDENTITY[sdk=iphoneos*]" = "iPhone Developer";
				COPY_PHASE_STRIP = NO;
				DEBUG_INFORMATION_FORMAT = "dwarf-with-dsym";
				ENABLE_NS_ASSERTIONS = NO;
				ENABLE_STRICT_OBJC_MSGSEND = YES;
				GCC_C_LANGUAGE_STANDARD = gnu99;
				GCC_NO_COMMON_BLOCKS = YES;
				GCC_WARN_64_TO_32_BIT_CONVERSION = YES;
				GCC_WARN_ABOUT_RETURN_TYPE = YES_ERROR;
				GCC_WARN_UNDECLARED_SELECTOR = YES;
				GCC_WARN_UNINITIALIZED_AUTOS = YES_AGGRESSIVE;
				GCC_WARN_UNUSED_FUNCTION = YES;
				GCC_WARN_UNUSED_VARIABLE = YES;
				IPHONEOS_DEPLOYMENT_TARGET = 9.2;
				MTL_ENABLE_DEBUG_INFO = NO;
				SDKROOT = iphoneos;
				VALIDATE_PRODUCT = YES;
			};
			name = Release;
		};
		A62B972C1C590B8800081ED9 /* Debug */ = {
			isa = XCBuildConfiguration;
			baseConfigurationReference = AFD93F1AEEE0252D5415360A /* Pods-Ratings.debug.xcconfig */;
			buildSettings = {
				ASSETCATALOG_COMPILER_APPICON_NAME = AppIcon;
				CODE_SIGN_IDENTITY = "iPhone Developer";
				INFOPLIST_FILE = Ratings/Info.plist;
				IPHONEOS_DEPLOYMENT_TARGET = 9.2;
				LD_RUNPATH_SEARCH_PATHS = "$(inherited) @executable_path/Frameworks";
				PRODUCT_BUNDLE_IDENTIFIER = com.koopuluri.Meet;
				PRODUCT_NAME = "$(TARGET_NAME)";
				SDKROOT = iphoneos;
				SWIFT_OBJC_BRIDGING_HEADER = "";
			};
			name = Debug;
		};
		A62B972D1C590B8800081ED9 /* Release */ = {
			isa = XCBuildConfiguration;
			baseConfigurationReference = 4F8D12DDC6B914D4272EBD20 /* Pods-Ratings.release.xcconfig */;
			buildSettings = {
				ASSETCATALOG_COMPILER_APPICON_NAME = AppIcon;
				CODE_SIGN_IDENTITY = "iPhone Developer";
				INFOPLIST_FILE = Ratings/Info.plist;
				IPHONEOS_DEPLOYMENT_TARGET = 9.2;
				LD_RUNPATH_SEARCH_PATHS = "$(inherited) @executable_path/Frameworks";
				PRODUCT_BUNDLE_IDENTIFIER = com.koopuluri.Meet;
				PRODUCT_NAME = "$(TARGET_NAME)";
				SDKROOT = iphoneos;
				SWIFT_OBJC_BRIDGING_HEADER = "";
			};
			name = Release;
		};
		A62B972F1C590B8800081ED9 /* Debug */ = {
			isa = XCBuildConfiguration;
			buildSettings = {
				BUNDLE_LOADER = "$(TEST_HOST)";
				FRAMEWORK_SEARCH_PATHS = (
					"$(SDKROOT)/Developer/Library/Frameworks",
					"$(inherited)",
				);
				GCC_PREPROCESSOR_DEFINITIONS = (
					"DEBUG=1",
					"$(inherited)",
				);
				INFOPLIST_FILE = RatingsTests/Info.plist;
				LD_RUNPATH_SEARCH_PATHS = "$(inherited) @executable_path/Frameworks @loader_path/Frameworks";
				PRODUCT_NAME = "$(TARGET_NAME)";
				TEST_HOST = "$(BUILT_PRODUCTS_DIR)/Ratings.app/Ratings";
			};
			name = Debug;
		};
		A62B97301C590B8800081ED9 /* Release */ = {
			isa = XCBuildConfiguration;
			buildSettings = {
				BUNDLE_LOADER = "$(TEST_HOST)";
				FRAMEWORK_SEARCH_PATHS = (
					"$(SDKROOT)/Developer/Library/Frameworks",
					"$(inherited)",
				);
				INFOPLIST_FILE = RatingsTests/Info.plist;
				LD_RUNPATH_SEARCH_PATHS = "$(inherited) @executable_path/Frameworks @loader_path/Frameworks";
				PRODUCT_NAME = "$(TARGET_NAME)";
				TEST_HOST = "$(BUILT_PRODUCTS_DIR)/Ratings.app/Ratings";
			};
			name = Release;
		};
/* End XCBuildConfiguration section */

/* Begin XCConfigurationList section */
		A62B97071C590B8800081ED9 /* Build configuration list for PBXProject "Ratings" */ = {
			isa = XCConfigurationList;
			buildConfigurations = (
				A62B97291C590B8800081ED9 /* Debug */,
				A62B972A1C590B8800081ED9 /* Release */,
			);
			defaultConfigurationIsVisible = 0;
			defaultConfigurationName = Release;
		};
		A62B972B1C590B8800081ED9 /* Build configuration list for PBXNativeTarget "Ratings" */ = {
			isa = XCConfigurationList;
			buildConfigurations = (
				A62B972C1C590B8800081ED9 /* Debug */,
				A62B972D1C590B8800081ED9 /* Release */,
			);
			defaultConfigurationIsVisible = 0;
			defaultConfigurationName = Release;
		};
		A62B972E1C590B8800081ED9 /* Build configuration list for PBXNativeTarget "RatingsTests" */ = {
			isa = XCConfigurationList;
			buildConfigurations = (
				A62B972F1C590B8800081ED9 /* Debug */,
				A62B97301C590B8800081ED9 /* Release */,
			);
			defaultConfigurationIsVisible = 0;
			defaultConfigurationName = Release;
		};
/* End XCConfigurationList section */
	};
	rootObject = A62B97041C590B8800081ED9 /* Project object */;
}
